
Microsoft Visual Studio Solution File, Format Version 12.00
# Visual Studio Version 16
VisualStudioVersion = 16.0.29911.84
MinimumVisualStudioVersion = 10.0.40219.1
Project("{FAE04EC0-301F-11D3-BF4B-00C04F79EFBC}") = "SimuladorExamenUPN", "SimuladorExamenUPN\SimuladorExamenUPN.csproj", "{2024BD2B-5897-4C36-AB3A-738F23148507}"
EndProject
Project("{FAE04EC0-301F-11D3-BF4B-00C04F79EFBC}") = "Simulador", "Simulador\Simulador.csproj", "{94EEE109-875C-4B67-9377-5DFA3EFCEDD8}"
EndProject
Global
	GlobalSection(SolutionConfigurationPlatforms) = preSolution
		Debug|Any CPU = Debug|Any CPU
		Release|Any CPU = Release|Any CPU
	EndGlobalSection
	GlobalSection(ProjectConfigurationPlatforms) = postSolution
		{2024BD2B-5897-4C36-AB3A-738F23148507}.Debug|Any CPU.ActiveCfg = Debug|Any CPU
		{2024BD2B-5897-4C36-AB3A-738F23148507}.Debug|Any CPU.Build.0 = Debug|Any CPU
		{2024BD2B-5897-4C36-AB3A-738F23148507}.Release|Any CPU.ActiveCfg = Release|Any CPU
		{2024BD2B-5897-4C36-AB3A-738F23148507}.Release|Any CPU.Build.0 = Release|Any CPU
		{94EEE109-875C-4B67-9377-5DFA3EFCEDD8}.Debug|Any CPU.ActiveCfg = Debug|Any CPU
		{94EEE109-875C-4B67-9377-5DFA3EFCEDD8}.Debug|Any CPU.Build.0 = Debug|Any CPU
		{94EEE109-875C-4B67-9377-5DFA3EFCEDD8}.Release|Any CPU.ActiveCfg = Release|Any CPU
		{94EEE109-875C-4B67-9377-5DFA3EFCEDD8}.Release|Any CPU.Build.0 = Release|Any CPU
	EndGlobalSection
	GlobalSection(SolutionProperties) = preSolution
		HideSolutionNode = FALSE
	EndGlobalSection
	GlobalSection(ExtensibilityGlobals) = postSolution
		SolutionGuid = {33038DA9-A3C0-45AC-ABA0-68E8392E98D0}
	EndGlobalSection
EndGlobal
